
Microsoft Visual Studio Solution File, Format Version 12.00
# Visual Studio Version 16
VisualStudioVersion = 16.0.30413.136
MinimumVisualStudioVersion = 10.0.40219.1
Project("{FAE04EC0-301F-11D3-BF4B-00C04F79EFBC}") = "CalcLib", "CalcLib\CalcLib.csproj", "{07804860-D0BE-4145-957D-33CA46157D0A}"
EndProject
Project("{FAE04EC0-301F-11D3-BF4B-00C04F79EFBC}") = "CalcLibTests", "CalcLibTests\CalcLibTests.csproj", "{51D31ABE-3E40-49A8-81A3-251EB758B806}"
EndProject
Project("{FAE04EC0-301F-11D3-BF4B-00C04F79EFBC}") = "RssFeedReader", "RssFeedReader\RssFeedReader.csproj", "{08A5470F-6367-4846-AB9C-5E1B563D036E}"
EndProject
Project("{FAE04EC0-301F-11D3-BF4B-00C04F79EFBC}") = "RssFeedReaderTests", "RssFeedReaderTests\RssFeedReaderTests.csproj", "{FA5734E4-A881-4E46-9A41-DF8648F1B09E}"
EndProject
Project("{9A19103F-16F7-4668-BE54-9A1E7A4F7556}") = "CalcLibDotNetCore", "CalcLibDotNetCore\CalcLibDotNetCore.csproj", "{2E05B0F1-8DC8-4029-8AFD-DFD867066E16}"
EndProject
Project("{9A19103F-16F7-4668-BE54-9A1E7A4F7556}") = "CalcLibDotNetCoreTests", "CalcLibDotNetCoreTests\CalcLibDotNetCoreTests.csproj", "{D1B7F37C-EC18-44AC-8DCD-738393B611D7}"
EndProject
Project("{FAE04EC0-301F-11D3-BF4B-00C04F79EFBC}") = "FakesDemo", "FakesDemo\FakesDemo.csproj", "{C9854292-8B92-45CC-82DE-702B16B17029}"
EndProject
Project("{FAE04EC0-301F-11D3-BF4B-00C04F79EFBC}") = "FakesDemoTests", "FakesDemoTests\FakesDemoTests.csproj", "{F10056B5-8EDE-405F-9E1B-A9EB4011D7B0}"
EndProject
Global
	GlobalSection(SolutionConfigurationPlatforms) = preSolution
		Debug|Any CPU = Debug|Any CPU
		Release|Any CPU = Release|Any CPU
	EndGlobalSection
	GlobalSection(ProjectConfigurationPlatforms) = postSolution
		{07804860-D0BE-4145-957D-33CA46157D0A}.Debug|Any CPU.ActiveCfg = Debug|Any CPU
		{07804860-D0BE-4145-957D-33CA46157D0A}.Debug|Any CPU.Build.0 = Debug|Any CPU
		{07804860-D0BE-4145-957D-33CA46157D0A}.Release|Any CPU.ActiveCfg = Release|Any CPU
		{07804860-D0BE-4145-957D-33CA46157D0A}.Release|Any CPU.Build.0 = Release|Any CPU
		{51D31ABE-3E40-49A8-81A3-251EB758B806}.Debug|Any CPU.ActiveCfg = Debug|Any CPU
		{51D31ABE-3E40-49A8-81A3-251EB758B806}.Debug|Any CPU.Build.0 = Debug|Any CPU
		{51D31ABE-3E40-49A8-81A3-251EB758B806}.Release|Any CPU.ActiveCfg = Release|Any CPU
		{51D31ABE-3E40-49A8-81A3-251EB758B806}.Release|Any CPU.Build.0 = Release|Any CPU
		{08A5470F-6367-4846-AB9C-5E1B563D036E}.Debug|Any CPU.ActiveCfg = Debug|Any CPU
		{08A5470F-6367-4846-AB9C-5E1B563D036E}.Debug|Any CPU.Build.0 = Debug|Any CPU
		{08A5470F-6367-4846-AB9C-5E1B563D036E}.Release|Any CPU.ActiveCfg = Release|Any CPU
		{08A5470F-6367-4846-AB9C-5E1B563D036E}.Release|Any CPU.Build.0 = Release|Any CPU
		{FA5734E4-A881-4E46-9A41-DF8648F1B09E}.Debug|Any CPU.ActiveCfg = Debug|Any CPU
		{FA5734E4-A881-4E46-9A41-DF8648F1B09E}.Debug|Any CPU.Build.0 = Debug|Any CPU
		{FA5734E4-A881-4E46-9A41-DF8648F1B09E}.Release|Any CPU.ActiveCfg = Release|Any CPU
		{FA5734E4-A881-4E46-9A41-DF8648F1B09E}.Release|Any CPU.Build.0 = Release|Any CPU
		{2E05B0F1-8DC8-4029-8AFD-DFD867066E16}.Debug|Any CPU.ActiveCfg = Debug|Any CPU
		{2E05B0F1-8DC8-4029-8AFD-DFD867066E16}.Debug|Any CPU.Build.0 = Debug|Any CPU
		{2E05B0F1-8DC8-4029-8AFD-DFD867066E16}.Release|Any CPU.ActiveCfg = Release|Any CPU
		{2E05B0F1-8DC8-4029-8AFD-DFD867066E16}.Release|Any CPU.Build.0 = Release|Any CPU
		{D1B7F37C-EC18-44AC-8DCD-738393B611D7}.Debug|Any CPU.ActiveCfg = Debug|Any CPU
		{D1B7F37C-EC18-44AC-8DCD-738393B611D7}.Debug|Any CPU.Build.0 = Debug|Any CPU
		{D1B7F37C-EC18-44AC-8DCD-738393B611D7}.Release|Any CPU.ActiveCfg = Release|Any CPU
		{D1B7F37C-EC18-44AC-8DCD-738393B611D7}.Release|Any CPU.Build.0 = Release|Any CPU
		{C9854292-8B92-45CC-82DE-702B16B17029}.Debug|Any CPU.ActiveCfg = Debug|Any CPU
		{C9854292-8B92-45CC-82DE-702B16B17029}.Debug|Any CPU.Build.0 = Debug|Any CPU
		{C9854292-8B92-45CC-82DE-702B16B17029}.Release|Any CPU.ActiveCfg = Release|Any CPU
		{C9854292-8B92-45CC-82DE-702B16B17029}.Release|Any CPU.Build.0 = Release|Any CPU
		{F10056B5-8EDE-405F-9E1B-A9EB4011D7B0}.Debug|Any CPU.ActiveCfg = Debug|Any CPU
		{F10056B5-8EDE-405F-9E1B-A9EB4011D7B0}.Debug|Any CPU.Build.0 = Debug|Any CPU
		{F10056B5-8EDE-405F-9E1B-A9EB4011D7B0}.Release|Any CPU.ActiveCfg = Release|Any CPU
		{F10056B5-8EDE-405F-9E1B-A9EB4011D7B0}.Release|Any CPU.Build.0 = Release|Any CPU
	EndGlobalSection
	GlobalSection(SolutionProperties) = preSolution
		HideSolutionNode = FALSE
	EndGlobalSection
	GlobalSection(ExtensibilityGlobals) = postSolution
		SolutionGuid = {2E150C8D-49B3-4B71-9F57-686B19926F46}
	EndGlobalSection
EndGlobal
